
Microsoft Visual Studio Solution File, Format Version 12.00
# Visual Studio 15
Project("{FAE04EC0-301F-11D3-BF4B-00C04F79EFBC}") = "VuforiaScripts", "VuforiaScripts.csproj", "{6F09ABCD-59B0-03C4-4B37-AB14945CC0D6}"
EndProject
Project("{FAE04EC0-301F-11D3-BF4B-00C04F79EFBC}") = "VuforiaEditorScripts", "VuforiaEditorScripts.csproj", "{5EEC96F8-B156-10F5-325A-16EC9ED476B7}"
EndProject
Global
	GlobalSection(SolutionConfigurationPlatforms) = preSolution
		Debug|Any CPU = Debug|Any CPU
		Release|Any CPU = Release|Any CPU
	EndGlobalSection
	GlobalSection(ProjectConfigurationPlatforms) = postSolution
		{6F09ABCD-59B0-03C4-4B37-AB14945CC0D6}.Debug|Any CPU.ActiveCfg = Debug|Any CPU
		{6F09ABCD-59B0-03C4-4B37-AB14945CC0D6}.Debug|Any CPU.Build.0 = Debug|Any CPU
		{6F09ABCD-59B0-03C4-4B37-AB14945CC0D6}.Release|Any CPU.ActiveCfg = Release|Any CPU
		{6F09ABCD-59B0-03C4-4B37-AB14945CC0D6}.Release|Any CPU.Build.0 = Release|Any CPU
		{5EEC96F8-B156-10F5-325A-16EC9ED476B7}.Debug|Any CPU.ActiveCfg = Debug|Any CPU
		{5EEC96F8-B156-10F5-325A-16EC9ED476B7}.Debug|Any CPU.Build.0 = Debug|Any CPU
		{5EEC96F8-B156-10F5-325A-16EC9ED476B7}.Release|Any CPU.ActiveCfg = Release|Any CPU
		{5EEC96F8-B156-10F5-325A-16EC9ED476B7}.Release|Any CPU.Build.0 = Release|Any CPU
	EndGlobalSection
	GlobalSection(SolutionProperties) = preSolution
		HideSolutionNode = FALSE
	EndGlobalSection
	GlobalSection(MonoDevelopProperties) = preSolution
		StartupItem = Assembly-CSharp.csproj
	EndGlobalSection
EndGlobal
